
Microsoft Visual Studio Solution File, Format Version 12.00
# Visual Studio Version 16
VisualStudioVersion = 16.0.31829.152
MinimumVisualStudioVersion = 10.0.40219.1
Project("{888888A0-9F3D-457C-B088-3A5042F75D52}") = "DjangoWebProject1", "DjangoWebProject1.pyproj", "{A96EB166-9D10-4A74-8C29-EC55E105FD3B}"
EndProject
Global
	GlobalSection(SolutionConfigurationPlatforms) = preSolution
		Debug|Any CPU = Debug|Any CPU
		Release|Any CPU = Release|Any CPU
	EndGlobalSection
	GlobalSection(ProjectConfigurationPlatforms) = postSolution
		{A96EB166-9D10-4A74-8C29-EC55E105FD3B}.Debug|Any CPU.ActiveCfg = Debug|Any CPU
		{A96EB166-9D10-4A74-8C29-EC55E105FD3B}.Debug|Any CPU.Build.0 = Debug|Any CPU
		{A96EB166-9D10-4A74-8C29-EC55E105FD3B}.Release|Any CPU.ActiveCfg = Release|Any CPU
		{A96EB166-9D10-4A74-8C29-EC55E105FD3B}.Release|Any CPU.Build.0 = Release|Any CPU
	EndGlobalSection
	GlobalSection(SolutionProperties) = preSolution
		HideSolutionNode = FALSE
	EndGlobalSection
	GlobalSection(ExtensibilityGlobals) = postSolution
		SolutionGuid = {829E4AA9-A4E0-474C-BEA1-D92FE7DD832D}
	EndGlobalSection
EndGlobal
